// !$*UTF8*$!
{
	archiveVersion = 1;
	classes = {
	};
	objectVersion = 56;
	objects = {

/* Begin PBXBuildFile section */
		F4AB521E2BB159BB00F56337 /* ContentViewModel.swift in Sources */ = {isa = PBXBuildFile; fileRef = F4AB521D2BB159BB00F56337 /* ContentViewModel.swift */; };
		F4AB52222BB16C2600F56337 /* CoinListView.swift in Sources */ = {isa = PBXBuildFile; fileRef = F4AB52212BB16C2600F56337 /* CoinListView.swift */; };
		F4AB52252BB175EB00F56337 /* Market.swift in Sources */ = {isa = PBXBuildFile; fileRef = F4AB52242BB175EB00F56337 /* Market.swift */; };
		F4AB52272BB1776900F56337 /* CoinListViewModel.swift in Sources */ = {isa = PBXBuildFile; fileRef = F4AB52262BB1776900F56337 /* CoinListViewModel.swift */; };
		F4DD88202BAC6A8A00496A90 /* CoinBankApp.swift in Sources */ = {isa = PBXBuildFile; fileRef = F4DD881F2BAC6A8A00496A90 /* CoinBankApp.swift */; };
		F4DD88222BAC6A8A00496A90 /* ContentView.swift in Sources */ = {isa = PBXBuildFile; fileRef = F4DD88212BAC6A8A00496A90 /* ContentView.swift */; };
		F4DD88242BAC6A8C00496A90 /* Assets.xcassets in Resources */ = {isa = PBXBuildFile; fileRef = F4DD88232BAC6A8C00496A90 /* Assets.xcassets */; };
		F4DD88272BAC6A8C00496A90 /* Preview Assets.xcassets in Resources */ = {isa = PBXBuildFile; fileRef = F4DD88262BAC6A8C00496A90 /* Preview Assets.xcassets */; };
/* End PBXBuildFile section */

/* Begin PBXFileReference section */
		F4AB521D2BB159BB00F56337 /* ContentViewModel.swift */ = {isa = PBXFileReference; lastKnownFileType = sourcecode.swift; path = ContentViewModel.swift; sourceTree = "<group>"; };
		F4AB52212BB16C2600F56337 /* CoinListView.swift */ = {isa = PBXFileReference; lastKnownFileType = sourcecode.swift; path = CoinListView.swift; sourceTree = "<group>"; };
		F4AB52242BB175EB00F56337 /* Market.swift */ = {isa = PBXFileReference; lastKnownFileType = sourcecode.swift; path = Market.swift; sourceTree = "<group>"; };
		F4AB52262BB1776900F56337 /* CoinListViewModel.swift */ = {isa = PBXFileReference; lastKnownFileType = sourcecode.swift; path = CoinListViewModel.swift; sourceTree = "<group>"; };
		F4DD881C2BAC6A8A00496A90 /* CoinBank.app */ = {isa = PBXFileReference; explicitFileType = wrapper.application; includeInIndex = 0; path = CoinBank.app; sourceTree = BUILT_PRODUCTS_DIR; };
		F4DD881F2BAC6A8A00496A90 /* CoinBankApp.swift */ = {isa = PBXFileReference; lastKnownFileType = sourcecode.swift; path = CoinBankApp.swift; sourceTree = "<group>"; };
		F4DD88212BAC6A8A00496A90 /* ContentView.swift */ = {isa = PBXFileReference; lastKnownFileType = sourcecode.swift; path = ContentView.swift; sourceTree = "<group>"; };
		F4DD88232BAC6A8C00496A90 /* Assets.xcassets */ = {isa = PBXFileReference; lastKnownFileType = folder.assetcatalog; path = Assets.xcassets; sourceTree = "<group>"; };
		F4DD88262BAC6A8C00496A90 /* Preview Assets.xcassets */ = {isa = PBXFileReference; lastKnownFileType = folder.assetcatalog; path = "Preview Assets.xcassets"; sourceTree = "<group>"; };
/* End PBXFileReference section */

/* Begin PBXFrameworksBuildPhase section */
		F4DD88192BAC6A8A00496A90 /* Frameworks */ = {
			isa = PBXFrameworksBuildPhase;
			buildActionMask = 2147483647;
			files = (
			);
			runOnlyForDeploymentPostprocessing = 0;
		};
/* End PBXFrameworksBuildPhase section */

/* Begin PBXGroup section */
		F4AB521C2BB159AA00F56337 /* MainView */ = {
			isa = PBXGroup;
			children = (
				F4DD88212BAC6A8A00496A90 /* ContentView.swift */,
				F4AB521D2BB159BB00F56337 /* ContentViewModel.swift */,
				F4AB52212BB16C2600F56337 /* CoinListView.swift */,
				F4AB52262BB1776900F56337 /* CoinListViewModel.swift */,
			);
			path = MainView;
			sourceTree = "<group>";
		};
		F4AB52232BB175E400F56337 /* Network */ = {
			isa = PBXGroup;
			children = (
				F4AB52242BB175EB00F56337 /* Market.swift */,
			);
			path = Network;
			sourceTree = "<group>";
		};
		F4DD88132BAC6A8A00496A90 = {
			isa = PBXGroup;
			children = (
				F4DD881E2BAC6A8A00496A90 /* CoinBank */,
				F4DD881D2BAC6A8A00496A90 /* Products */,
			);
			sourceTree = "<group>";
		};
		F4DD881D2BAC6A8A00496A90 /* Products */ = {
			isa = PBXGroup;
			children = (
				F4DD881C2BAC6A8A00496A90 /* CoinBank.app */,
			);
			name = Products;
			sourceTree = "<group>";
		};
		F4DD881E2BAC6A8A00496A90 /* CoinBank */ = {
			isa = PBXGroup;
			children = (
				F4AB52232BB175E400F56337 /* Network */,
				F4AB521C2BB159AA00F56337 /* MainView */,
				F4DD881F2BAC6A8A00496A90 /* CoinBankApp.swift */,
				F4DD88232BAC6A8C00496A90 /* Assets.xcassets */,
				F4DD88252BAC6A8C00496A90 /* Preview Content */,
			);
			path = CoinBank;
			sourceTree = "<group>";
		};
		F4DD88252BAC6A8C00496A90 /* Preview Content */ = {
			isa = PBXGroup;
			children = (
				F4DD88262BAC6A8C00496A90 /* Preview Assets.xcassets */,
			);
			path = "Preview Content";
			sourceTree = "<group>";
		};
/* End PBXGroup section */

/* Begin PBXNativeTarget section */
		F4DD881B2BAC6A8A00496A90 /* CoinBank */ = {
			isa = PBXNativeTarget;
			buildConfigurationList = F4DD882A2BAC6A8C00496A90 /* Build configuration list for PBXNativeTarget "CoinBank" */;
			buildPhases = (
				F4DD88182BAC6A8A00496A90 /* Sources */,
				F4DD88192BAC6A8A00496A90 /* Frameworks */,
				F4DD881A2BAC6A8A00496A90 /* Resources */,
			);
			buildRules = (
			);
			dependencies = (
			);
			name = CoinBank;
			productName = CoinBank;
			productReference = F4DD881C2BAC6A8A00496A90 /* CoinBank.app */;
			productType = "com.apple.product-type.application";
		};
/* End PBXNativeTarget section */

/* Begin PBXProject section */
		F4DD88142BAC6A8A00496A90 /* Project object */ = {
			isa = PBXProject;
			attributes = {
				BuildIndependentTargetsInParallel = 1;
				LastSwiftUpdateCheck = 1520;
				LastUpgradeCheck = 1520;
				TargetAttributes = {
					F4DD881B2BAC6A8A00496A90 = {
						CreatedOnToolsVersion = 15.2;
					};
				};
			};
			buildConfigurationList = F4DD88172BAC6A8A00496A90 /* Build configuration list for PBXProject "CoinBank" */;
			compatibilityVersion = "Xcode 14.0";
			developmentRegion = en;
			hasScannedForEncodings = 0;
			knownRegions = (
				en,
				Base,
			);
			mainGroup = F4DD88132BAC6A8A00496A90;
			productRefGroup = F4DD881D2BAC6A8A00496A90 /* Products */;
			projectDirPath = "";
			projectRoot = "";
			targets = (
				F4DD881B2BAC6A8A00496A90 /* CoinBank */,
			);
		};
/* End PBXProject section */

/* Begin PBXResourcesBuildPhase section */
		F4DD881A2BAC6A8A00496A90 /* Resources */ = {
			isa = PBXResourcesBuildPhase;
			buildActionMask = 2147483647;
			files = (
				F4DD88272BAC6A8C00496A90 /* Preview Assets.xcassets in Resources */,
				F4DD88242BAC6A8C00496A90 /* Assets.xcassets in Resources */,
			);
			runOnlyForDeploymentPostprocessing = 0;
		};
/* End PBXResourcesBuildPhase section */

/* Begin PBXSourcesBuildPhase section */
		F4DD88182BAC6A8A00496A90 /* Sources */ = {
			isa = PBXSourcesBuildPhase;
			buildActionMask = 2147483647;
			files = (
				F4AB52222BB16C2600F56337 /* CoinListView.swift in Sources */,
				F4DD88222BAC6A8A00496A90 /* ContentView.swift in Sources */,
				F4AB52272BB1776900F56337 /* CoinListViewModel.swift in Sources */,
				F4DD88202BAC6A8A00496A90 /* CoinBankApp.swift in Sources */,
				F4AB521E2BB159BB00F56337 /* ContentViewModel.swift in Sources */,
				F4AB52252BB175EB00F56337 /* Market.swift in Sources */,
			);
			runOnlyForDeploymentPostprocessing = 0;
		};
/* End PBXSourcesBuildPhase section */

/* Begin XCBuildConfiguration section */
		F4DD88282BAC6A8C00496A90 /* Debug */ = {
			isa = XCBuildConfiguration;
			buildSettings = {
				ALWAYS_SEARCH_USER_PATHS = NO;
				ASSETCATALOG_COMPILER_GENERATE_SWIFT_ASSET_SYMBOL_EXTENSIONS = YES;
				CLANG_ANALYZER_NONNULL = YES;
				CLANG_ANALYZER_NUMBER_OBJECT_CONVERSION = YES_AGGRESSIVE;
				CLANG_CXX_LANGUAGE_STANDARD = "gnu++20";
				CLANG_ENABLE_MODULES = YES;
				CLANG_ENABLE_OBJC_ARC = YES;
				CLANG_ENABLE_OBJC_WEAK = YES;
				CLANG_WARN_BLOCK_CAPTURE_AUTORELEASING = YES;
				CLANG_WARN_BOOL_CONVERSION = YES;
				CLANG_WARN_COMMA = YES;
				CLANG_WARN_CONSTANT_CONVERSION = YES;
				CLANG_WARN_DEPRECATED_OBJC_IMPLEMENTATIONS = YES;
				CLANG_WARN_DIRECT_OBJC_ISA_USAGE = YES_ERROR;
				CLANG_WARN_DOCUMENTATION_COMMENTS = YES;
				CLANG_WARN_EMPTY_BODY = YES;
				CLANG_WARN_ENUM_CONVERSION = YES;
				CLANG_WARN_INFINITE_RECURSION = YES;
				CLANG_WARN_INT_CONVERSION = YES;
				CLANG_WARN_NON_LITERAL_NULL_CONVERSION = YES;
				CLANG_WARN_OBJC_IMPLICIT_RETAIN_SELF = YES;
				CLANG_WARN_OBJC_LITERAL_CONVERSION = YES;
				CLANG_WARN_OBJC_ROOT_CLASS = YES_ERROR;
				CLANG_WARN_QUOTED_INCLUDE_IN_FRAMEWORK_HEADER = YES;
				CLANG_WARN_RANGE_LOOP_ANALYSIS = YES;
				CLANG_WARN_STRICT_PROTOTYPES = YES;
				CLANG_WARN_SUSPICIOUS_MOVE = YES;
				CLANG_WARN_UNGUARDED_AVAILABILITY = YES_AGGRESSIVE;
				CLANG_WARN_UNREACHABLE_CODE = YES;
				CLANG_WARN__DUPLICATE_METHOD_MATCH = YES;
				COPY_PHASE_STRIP = NO;
				DEBUG_INFORMATION_FORMAT = dwarf;
				ENABLE_STRICT_OBJC_MSGSEND = YES;
				ENABLE_TESTABILITY = YES;
				ENABLE_USER_SCRIPT_SANDBOXING = YES;
				GCC_C_LANGUAGE_STANDARD = gnu17;
				GCC_DYNAMIC_NO_PIC = NO;
				GCC_NO_COMMON_BLOCKS = YES;
				GCC_OPTIMIZATION_LEVEL = 0;
				GCC_PREPROCESSOR_DEFINITIONS = (
					"DEBUG=1",
					"$(inherited)",
				);
				GCC_WARN_64_TO_32_BIT_CONVERSION = YES;
				GCC_WARN_ABOUT_RETURN_TYPE = YES_ERROR;
				GCC_WARN_UNDECLARED_SELECTOR = YES;
				GCC_WARN_UNINITIALIZED_AUTOS = YES_AGGRESSIVE;
				GCC_WARN_UNUSED_FUNCTION = YES;
				GCC_WARN_UNUSED_VARIABLE = YES;
				IPHONEOS_DEPLOYMENT_TARGET = 17.2;
				LOCALIZATION_PREFERS_STRING_CATALOGS = YES;
				MTL_ENABLE_DEBUG_INFO = INCLUDE_SOURCE;
				MTL_FAST_MATH = YES;
				ONLY_ACTIVE_ARCH = YES;
				SDKROOT = iphoneos;
				SWIFT_ACTIVE_COMPILATION_CONDITIONS = "DEBUG $(inherited)";
				SWIFT_OPTIMIZATION_LEVEL = "-Onone";
			};
			name = Debug;
		};
		F4DD88292BAC6A8C00496A90 /* Release */ = {
			isa = XCBuildConfiguration;
			buildSettings = {
				ALWAYS_SEARCH_USER_PATHS = NO;
				ASSETCATALOG_COMPILER_GENERATE_SWIFT_ASSET_SYMBOL_EXTENSIONS = YES;
				CLANG_ANALYZER_NONNULL = YES;
				CLANG_ANALYZER_NUMBER_OBJECT_CONVERSION = YES_AGGRESSIVE;
				CLANG_CXX_LANGUAGE_STANDARD = "gnu++20";
				CLANG_ENABLE_MODULES = YES;
				CLANG_ENABLE_OBJC_ARC = YES;
				CLANG_ENABLE_OBJC_WEAK = YES;
				CLANG_WARN_BLOCK_CAPTURE_AUTORELEASING = YES;
				CLANG_WARN_BOOL_CONVERSION = YES;
				CLANG_WARN_COMMA = YES;
				CLANG_WARN_CONSTANT_CONVERSION = YES;
				CLANG_WARN_DEPRECATED_OBJC_IMPLEMENTATIONS = YES;
				CLANG_WARN_DIRECT_OBJC_ISA_USAGE = YES_ERROR;
				CLANG_WARN_DOCUMENTATION_COMMENTS = YES;
				CLANG_WARN_EMPTY_BODY = YES;
				CLANG_WARN_ENUM_CONVERSION = YES;
				CLANG_WARN_INFINITE_RECURSION = YES;
				CLANG_WARN_INT_CONVERSION = YES;
				CLANG_WARN_NON_LITERAL_NULL_CONVERSION = YES;
				CLANG_WARN_OBJC_IMPLICIT_RETAIN_SELF = YES;
				CLANG_WARN_OBJC_LITERAL_CONVERSION = YES;
				CLANG_WARN_OBJC_ROOT_CLASS = YES_ERROR;
				CLANG_WARN_QUOTED_INCLUDE_IN_FRAMEWORK_HEADER = YES;
				CLANG_WARN_RANGE_LOOP_ANALYSIS = YES;
				CLANG_WARN_STRICT_PROTOTYPES = YES;
				CLANG_WARN_SUSPICIOUS_MOVE = YES;
				CLANG_WARN_UNGUARDED_AVAILABILITY = YES_AGGRESSIVE;
				CLANG_WARN_UNREACHABLE_CODE = YES;
				CLANG_WARN__DUPLICATE_METHOD_MATCH = YES;
				COPY_PHASE_STRIP = NO;
				DEBUG_INFORMATION_FORMAT = "dwarf-with-dsym";
				ENABLE_NS_ASSERTIONS = NO;
				ENABLE_STRICT_OBJC_MSGSEND = YES;
				ENABLE_USER_SCRIPT_SANDBOXING = YES;
				GCC_C_LANGUAGE_STANDARD = gnu17;
				GCC_NO_COMMON_BLOCKS = YES;
				GCC_WARN_64_TO_32_BIT_CONVERSION = YES;
				GCC_WARN_ABOUT_RETURN_TYPE = YES_ERROR;
				GCC_WARN_UNDECLARED_SELECTOR = YES;
				GCC_WARN_UNINITIALIZED_AUTOS = YES_AGGRESSIVE;
				GCC_WARN_UNUSED_FUNCTION = YES;
				GCC_WARN_UNUSED_VARIABLE = YES;
				IPHONEOS_DEPLOYMENT_TARGET = 17.2;
				LOCALIZATION_PREFERS_STRING_CATALOGS = YES;
				MTL_ENABLE_DEBUG_INFO = NO;
				MTL_FAST_MATH = YES;
				SDKROOT = iphoneos;
				SWIFT_COMPILATION_MODE = wholemodule;
				VALIDATE_PRODUCT = YES;
			};
			name = Release;
		};
		F4DD882B2BAC6A8C00496A90 /* Debug */ = {
			isa = XCBuildConfiguration;
			buildSettings = {
				ASSETCATALOG_COMPILER_APPICON_NAME = AppIcon;
				ASSETCATALOG_COMPILER_GLOBAL_ACCENT_COLOR_NAME = AccentColor;
				CODE_SIGN_STYLE = Automatic;
				CURRENT_PROJECT_VERSION = 1;
				DEVELOPMENT_ASSET_PATHS = "\"CoinBank/Preview Content\"";
				DEVELOPMENT_TEAM = N54L2GS5Z3;
				ENABLE_PREVIEWS = YES;
				GENERATE_INFOPLIST_FILE = YES;
				INFOPLIST_KEY_UIApplicationSceneManifest_Generation = YES;
				INFOPLIST_KEY_UIApplicationSupportsIndirectInputEvents = YES;
				INFOPLIST_KEY_UILaunchScreen_Generation = YES;
				INFOPLIST_KEY_UISupportedInterfaceOrientations_iPad = "UIInterfaceOrientationPortrait UIInterfaceOrientationPortraitUpsideDown UIInterfaceOrientationLandscapeLeft UIInterfaceOrientationLandscapeRight";
				INFOPLIST_KEY_UISupportedInterfaceOrientations_iPhone = "UIInterfaceOrientationPortrait UIInterfaceOrientationLandscapeLeft UIInterfaceOrientationLandscapeRight";
				LD_RUNPATH_SEARCH_PATHS = (
					"$(inherited)",
					"@executable_path/Frameworks",
				);
				MARKETING_VERSION = 1.0;
				PRODUCT_BUNDLE_IDENTIFIER = com.eunseo.CoinBank;
				PRODUCT_NAME = "$(TARGET_NAME)";
				SWIFT_EMIT_LOC_STRINGS = YES;
				SWIFT_VERSION = 5.0;
				TARGETED_DEVICE_FAMILY = "1,2";
			};
			name = Debug;
		};
		F4DD882C2BAC6A8C00496A90 /* Release */ = {
			isa = XCBuildConfiguration;
			buildSettings = {
				ASSETCATALOG_COMPILER_APPICON_NAME = AppIcon;
				ASSETCATALOG_COMPILER_GLOBAL_ACCENT_COLOR_NAME = AccentColor;
				CODE_SIGN_STYLE = Automatic;
				CURRENT_PROJECT_VERSION = 1;
				DEVELOPMENT_ASSET_PATHS = "\"CoinBank/Preview Content\"";
				DEVELOPMENT_TEAM = N54L2GS5Z3;
				ENABLE_PREVIEWS = YES;
				GENERATE_INFOPLIST_FILE = YES;
				INFOPLIST_KEY_UIApplicationSceneManifest_Generation = YES;
				INFOPLIST_KEY_UIApplicationSupportsIndirectInputEvents = YES;
				INFOPLIST_KEY_UILaunchScreen_Generation = YES;
				INFOPLIST_KEY_UISupportedInterfaceOrientations_iPad = "UIInterfaceOrientationPortrait UIInterfaceOrientationPortraitUpsideDown UIInterfaceOrientationLandscapeLeft UIInterfaceOrientationLandscapeRight";
				INFOPLIST_KEY_UISupportedInterfaceOrientations_iPhone = "UIInterfaceOrientationPortrait UIInterfaceOrientationLandscapeLeft UIInterfaceOrientationLandscapeRight";
				LD_RUNPATH_SEARCH_PATHS = (
					"$(inherited)",
					"@executable_path/Frameworks",
				);
				MARKETING_VERSION = 1.0;
				PRODUCT_BUNDLE_IDENTIFIER = com.eunseo.CoinBank;
				PRODUCT_NAME = "$(TARGET_NAME)";
				SWIFT_EMIT_LOC_STRINGS = YES;
				SWIFT_VERSION = 5.0;
				TARGETED_DEVICE_FAMILY = "1,2";
			};
			name = Release;
		};
/* End XCBuildConfiguration section */

/* Begin XCConfigurationList section */
		F4DD88172BAC6A8A00496A90 /* Build configuration list for PBXProject "CoinBank" */ = {
			isa = XCConfigurationList;
			buildConfigurations = (
				F4DD88282BAC6A8C00496A90 /* Debug */,
				F4DD88292BAC6A8C00496A90 /* Release */,
			);
			defaultConfigurationIsVisible = 0;
			defaultConfigurationName = Release;
		};
		F4DD882A2BAC6A8C00496A90 /* Build configuration list for PBXNativeTarget "CoinBank" */ = {
			isa = XCConfigurationList;
			buildConfigurations = (
				F4DD882B2BAC6A8C00496A90 /* Debug */,
				F4DD882C2BAC6A8C00496A90 /* Release */,
			);
			defaultConfigurationIsVisible = 0;
			defaultConfigurationName = Release;
		};
/* End XCConfigurationList section */
	};
	rootObject = F4DD88142BAC6A8A00496A90 /* Project object */;
}
